
Microsoft Visual Studio Solution File, Format Version 12.00
# Visual Studio Version 16
VisualStudioVersion = 16.0.29806.167
MinimumVisualStudioVersion = 10.0.40219.1
Project("{9A19103F-16F7-4668-BE54-9A1E7A4F7556}") = "BlackboardSubmissionCleaner", "BlackboardSubmissionCleaner\BlackboardSubmissionCleaner.csproj", "{447934DB-C8E4-44EB-8B08-303FFDA1949C}"
EndProject
Project("{9A19103F-16F7-4668-BE54-9A1E7A4F7556}") = "SubmissionCleanerEngine", "SubmissionCleanerEngine\SubmissionCleanerEngine.csproj", "{C0BB67E3-1DE6-4612-B6CD-314D60342243}"
EndProject
Global
	GlobalSection(SolutionConfigurationPlatforms) = preSolution
		Debug|Any CPU = Debug|Any CPU
		Release|Any CPU = Release|Any CPU
	EndGlobalSection
	GlobalSection(ProjectConfigurationPlatforms) = postSolution
		{447934DB-C8E4-44EB-8B08-303FFDA1949C}.Debug|Any CPU.ActiveCfg = Debug|Any CPU
		{447934DB-C8E4-44EB-8B08-303FFDA1949C}.Debug|Any CPU.Build.0 = Debug|Any CPU
		{447934DB-C8E4-44EB-8B08-303FFDA1949C}.Release|Any CPU.ActiveCfg = Release|Any CPU
		{447934DB-C8E4-44EB-8B08-303FFDA1949C}.Release|Any CPU.Build.0 = Release|Any CPU
		{C0BB67E3-1DE6-4612-B6CD-314D60342243}.Debug|Any CPU.ActiveCfg = Debug|Any CPU
		{C0BB67E3-1DE6-4612-B6CD-314D60342243}.Debug|Any CPU.Build.0 = Debug|Any CPU
		{C0BB67E3-1DE6-4612-B6CD-314D60342243}.Release|Any CPU.ActiveCfg = Release|Any CPU
		{C0BB67E3-1DE6-4612-B6CD-314D60342243}.Release|Any CPU.Build.0 = Release|Any CPU
	EndGlobalSection
	GlobalSection(SolutionProperties) = preSolution
		HideSolutionNode = FALSE
	EndGlobalSection
	GlobalSection(ExtensibilityGlobals) = postSolution
		SolutionGuid = {669230DE-8A9F-46EE-9011-03E8BFA17F50}
	EndGlobalSection
EndGlobal
